
Microsoft Visual Studio Solution File, Format Version 12.00
# Visual Studio 15
VisualStudioVersion = 15.0.28010.2050
MinimumVisualStudioVersion = 10.0.40219.1
Project("{FAE04EC0-301F-11D3-BF4B-00C04F79EFBC}") = "Vegabond", "Vegabond\Vegabond.csproj", "{4D64BFD9-024D-4B27-88FA-D363E74F5558}"
EndProject
Global
	GlobalSection(SolutionConfigurationPlatforms) = preSolution
		Debug|Any CPU = Debug|Any CPU
		Release|Any CPU = Release|Any CPU
	EndGlobalSection
	GlobalSection(ProjectConfigurationPlatforms) = postSolution
		{4D64BFD9-024D-4B27-88FA-D363E74F5558}.Debug|Any CPU.ActiveCfg = Debug|Any CPU
		{4D64BFD9-024D-4B27-88FA-D363E74F5558}.Debug|Any CPU.Build.0 = Debug|Any CPU
		{4D64BFD9-024D-4B27-88FA-D363E74F5558}.Release|Any CPU.ActiveCfg = Release|Any CPU
		{4D64BFD9-024D-4B27-88FA-D363E74F5558}.Release|Any CPU.Build.0 = Release|Any CPU
	EndGlobalSection
	GlobalSection(SolutionProperties) = preSolution
		HideSolutionNode = FALSE
	EndGlobalSection
	GlobalSection(ExtensibilityGlobals) = postSolution
		SolutionGuid = {2FFDD5A1-E9AD-4D09-B57A-34D12A1A5FD4}
	EndGlobalSection
EndGlobal
